
Microsoft Visual Studio Solution File, Format Version 12.00
# Visual Studio Version 16
VisualStudioVersion = 16.0.31019.35
MinimumVisualStudioVersion = 10.0.40219.1
Project("{FAE04EC0-301F-11D3-BF4B-00C04F79EFBC}") = "XamlExamples.UWP", "XamlExamples\XamlExamples.UWP\XamlExamples.UWP.csproj", "{E759E35B-BD17-4167-8177-6D2861405024}"
EndProject
Project("{FAE04EC0-301F-11D3-BF4B-00C04F79EFBC}") = "XamlExamples.Android", "XamlExamples\XamlExamples.Android\XamlExamples.Android.csproj", "{4294414F-EFA7-4800-B400-A35A68062574}"
EndProject
Project("{FAE04EC0-301F-11D3-BF4B-00C04F79EFBC}") = "XamlExamples.iOS", "XamlExamples\XamlExamples.iOS\XamlExamples.iOS.csproj", "{B803C188-A5CC-4F23-A406-7E4F08308733}"
EndProject
Project("{FAE04EC0-301F-11D3-BF4B-00C04F79EFBC}") = "XamlExamples", "XamlExamples\XamlExamples\XamlExamples.csproj", "{E24A5847-4599-42B7-BA42-039AAAE077BE}"
EndProject
Global
	GlobalSection(SolutionConfigurationPlatforms) = preSolution
		Debug|Any CPU = Debug|Any CPU
		Debug|ARM = Debug|ARM
		Debug|iPhone = Debug|iPhone
		Debug|iPhoneSimulator = Debug|iPhoneSimulator
		Debug|x64 = Debug|x64
		Debug|x86 = Debug|x86
		Release|Any CPU = Release|Any CPU
		Release|ARM = Release|ARM
		Release|iPhone = Release|iPhone
		Release|iPhoneSimulator = Release|iPhoneSimulator
		Release|x64 = Release|x64
		Release|x86 = Release|x86
	EndGlobalSection
	GlobalSection(ProjectConfigurationPlatforms) = postSolution
		{E759E35B-BD17-4167-8177-6D2861405024}.Debug|Any CPU.ActiveCfg = Debug|x86
		{E759E35B-BD17-4167-8177-6D2861405024}.Debug|Any CPU.Build.0 = Debug|x86
		{E759E35B-BD17-4167-8177-6D2861405024}.Debug|Any CPU.Deploy.0 = Debug|x86
		{E759E35B-BD17-4167-8177-6D2861405024}.Debug|ARM.ActiveCfg = Debug|ARM
		{E759E35B-BD17-4167-8177-6D2861405024}.Debug|ARM.Build.0 = Debug|ARM
		{E759E35B-BD17-4167-8177-6D2861405024}.Debug|ARM.Deploy.0 = Debug|ARM
		{E759E35B-BD17-4167-8177-6D2861405024}.Debug|iPhone.ActiveCfg = Debug|x86
		{E759E35B-BD17-4167-8177-6D2861405024}.Debug|iPhone.Build.0 = Debug|x86
		{E759E35B-BD17-4167-8177-6D2861405024}.Debug|iPhone.Deploy.0 = Debug|x86
		{E759E35B-BD17-4167-8177-6D2861405024}.Debug|iPhoneSimulator.ActiveCfg = Debug|x86
		{E759E35B-BD17-4167-8177-6D2861405024}.Debug|iPhoneSimulator.Build.0 = Debug|x86
		{E759E35B-BD17-4167-8177-6D2861405024}.Debug|iPhoneSimulator.Deploy.0 = Debug|x86
		{E759E35B-BD17-4167-8177-6D2861405024}.Debug|x64.ActiveCfg = Debug|x64
		{E759E35B-BD17-4167-8177-6D2861405024}.Debug|x64.Build.0 = Debug|x64
		{E759E35B-BD17-4167-8177-6D2861405024}.Debug|x64.Deploy.0 = Debug|x64
		{E759E35B-BD17-4167-8177-6D2861405024}.Debug|x86.ActiveCfg = Debug|x86
		{E759E35B-BD17-4167-8177-6D2861405024}.Debug|x86.Build.0 = Debug|x86
		{E759E35B-BD17-4167-8177-6D2861405024}.Debug|x86.Deploy.0 = Debug|x86
		{E759E35B-BD17-4167-8177-6D2861405024}.Release|Any CPU.ActiveCfg = Release|x86
		{E759E35B-BD17-4167-8177-6D2861405024}.Release|Any CPU.Build.0 = Release|x86
		{E759E35B-BD17-4167-8177-6D2861405024}.Release|Any CPU.Deploy.0 = Release|x86
		{E759E35B-BD17-4167-8177-6D2861405024}.Release|ARM.ActiveCfg = Release|ARM
		{E759E35B-BD17-4167-8177-6D2861405024}.Release|ARM.Build.0 = Release|ARM
		{E759E35B-BD17-4167-8177-6D2861405024}.Release|ARM.Deploy.0 = Release|ARM
		{E759E35B-BD17-4167-8177-6D2861405024}.Release|iPhone.ActiveCfg = Release|x86
		{E759E35B-BD17-4167-8177-6D2861405024}.Release|iPhone.Build.0 = Release|x86
		{E759E35B-BD17-4167-8177-6D2861405024}.Release|iPhone.Deploy.0 = Release|x86
		{E759E35B-BD17-4167-8177-6D2861405024}.Release|iPhoneSimulator.ActiveCfg = Release|x86
		{E759E35B-BD17-4167-8177-6D2861405024}.Release|iPhoneSimulator.Build.0 = Release|x86
		{E759E35B-BD17-4167-8177-6D2861405024}.Release|iPhoneSimulator.Deploy.0 = Release|x86
		{E759E35B-BD17-4167-8177-6D2861405024}.Release|x64.ActiveCfg = Release|x64
		{E759E35B-BD17-4167-8177-6D2861405024}.Release|x64.Build.0 = Release|x64
		{E759E35B-BD17-4167-8177-6D2861405024}.Release|x64.Deploy.0 = Release|x64
		{E759E35B-BD17-4167-8177-6D2861405024}.Release|x86.ActiveCfg = Release|x86
		{E759E35B-BD17-4167-8177-6D2861405024}.Release|x86.Build.0 = Release|x86
		{E759E35B-BD17-4167-8177-6D2861405024}.Release|x86.Deploy.0 = Release|x86
		{4294414F-EFA7-4800-B400-A35A68062574}.Debug|Any CPU.ActiveCfg = Debug|Any CPU
		{4294414F-EFA7-4800-B400-A35A68062574}.Debug|Any CPU.Build.0 = Debug|Any CPU
		{4294414F-EFA7-4800-B400-A35A68062574}.Debug|Any CPU.Deploy.0 = Debug|Any CPU
		{4294414F-EFA7-4800-B400-A35A68062574}.Debug|ARM.ActiveCfg = Debug|Any CPU
		{4294414F-EFA7-4800-B400-A35A68062574}.Debug|ARM.Build.0 = Debug|Any CPU
		{4294414F-EFA7-4800-B400-A35A68062574}.Debug|ARM.Deploy.0 = Debug|Any CPU
		{4294414F-EFA7-4800-B400-A35A68062574}.Debug|iPhone.ActiveCfg = Debug|Any CPU
		{4294414F-EFA7-4800-B400-A35A68062574}.Debug|iPhone.Build.0 = Debug|Any CPU
		{4294414F-EFA7-4800-B400-A35A68062574}.Debug|iPhone.Deploy.0 = Debug|Any CPU
		{4294414F-EFA7-4800-B400-A35A68062574}.Debug|iPhoneSimulator.ActiveCfg = Debug|Any CPU
		{4294414F-EFA7-4800-B400-A35A68062574}.Debug|iPhoneSimulator.Build.0 = Debug|Any CPU
		{4294414F-EFA7-4800-B400-A35A68062574}.Debug|iPhoneSimulator.Deploy.0 = Debug|Any CPU
		{4294414F-EFA7-4800-B400-A35A68062574}.Debug|x64.ActiveCfg = Debug|Any CPU
		{4294414F-EFA7-4800-B400-A35A68062574}.Debug|x64.Build.0 = Debug|Any CPU
		{4294414F-EFA7-4800-B400-A35A68062574}.Debug|x64.Deploy.0 = Debug|Any CPU
		{4294414F-EFA7-4800-B400-A35A68062574}.Debug|x86.ActiveCfg = Debug|Any CPU
		{4294414F-EFA7-4800-B400-A35A68062574}.Debug|x86.Build.0 = Debug|Any CPU
		{4294414F-EFA7-4800-B400-A35A68062574}.Debug|x86.Deploy.0 = Debug|Any CPU
		{4294414F-EFA7-4800-B400-A35A68062574}.Release|Any CPU.ActiveCfg = Release|Any CPU
		{4294414F-EFA7-4800-B400-A35A68062574}.Release|Any CPU.Build.0 = Release|Any CPU
		{4294414F-EFA7-4800-B400-A35A68062574}.Release|Any CPU.Deploy.0 = Release|Any CPU
		{4294414F-EFA7-4800-B400-A35A68062574}.Release|ARM.ActiveCfg = Release|Any CPU
		{4294414F-EFA7-4800-B400-A35A68062574}.Release|ARM.Build.0 = Release|Any CPU
		{4294414F-EFA7-4800-B400-A35A68062574}.Release|ARM.Deploy.0 = Release|Any CPU
		{4294414F-EFA7-4800-B400-A35A68062574}.Release|iPhone.ActiveCfg = Release|Any CPU
		{4294414F-EFA7-4800-B400-A35A68062574}.Release|iPhone.Build.0 = Release|Any CPU
		{4294414F-EFA7-4800-B400-A35A68062574}.Release|iPhone.Deploy.0 = Release|Any CPU
		{4294414F-EFA7-4800-B400-A35A68062574}.Release|iPhoneSimulator.ActiveCfg = Release|Any CPU
		{4294414F-EFA7-4800-B400-A35A68062574}.Release|iPhoneSimulator.Build.0 = Release|Any CPU
		{4294414F-EFA7-4800-B400-A35A68062574}.Release|iPhoneSimulator.Deploy.0 = Release|Any CPU
		{4294414F-EFA7-4800-B400-A35A68062574}.Release|x64.ActiveCfg = Release|Any CPU
		{4294414F-EFA7-4800-B400-A35A68062574}.Release|x64.Build.0 = Release|Any CPU
		{4294414F-EFA7-4800-B400-A35A68062574}.Release|x64.Deploy.0 = Release|Any CPU
		{4294414F-EFA7-4800-B400-A35A68062574}.Release|x86.ActiveCfg = Release|Any CPU
		{4294414F-EFA7-4800-B400-A35A68062574}.Release|x86.Build.0 = Release|Any CPU
		{4294414F-EFA7-4800-B400-A35A68062574}.Release|x86.Deploy.0 = Release|Any CPU
		{B803C188-A5CC-4F23-A406-7E4F08308733}.Debug|Any CPU.ActiveCfg = Debug|iPhoneSimulator
		{B803C188-A5CC-4F23-A406-7E4F08308733}.Debug|Any CPU.Build.0 = Debug|iPhoneSimulator
		{B803C188-A5CC-4F23-A406-7E4F08308733}.Debug|Any CPU.Deploy.0 = Debug|iPhoneSimulator
		{B803C188-A5CC-4F23-A406-7E4F08308733}.Debug|ARM.ActiveCfg = Debug|iPhone
		{B803C188-A5CC-4F23-A406-7E4F08308733}.Debug|ARM.Build.0 = Debug|iPhone
		{B803C188-A5CC-4F23-A406-7E4F08308733}.Debug|ARM.Deploy.0 = Debug|iPhone
		{B803C188-A5CC-4F23-A406-7E4F08308733}.Debug|iPhone.ActiveCfg = Debug|iPhone
		{B803C188-A5CC-4F23-A406-7E4F08308733}.Debug|iPhone.Build.0 = Debug|iPhone
		{B803C188-A5CC-4F23-A406-7E4F08308733}.Debug|iPhone.Deploy.0 = Debug|iPhone
		{B803C188-A5CC-4F23-A406-7E4F08308733}.Debug|iPhoneSimulator.ActiveCfg = Debug|iPhoneSimulator
		{B803C188-A5CC-4F23-A406-7E4F08308733}.Debug|iPhoneSimulator.Build.0 = Debug|iPhoneSimulator
		{B803C188-A5CC-4F23-A406-7E4F08308733}.Debug|iPhoneSimulator.Deploy.0 = Debug|iPhoneSimulator
		{B803C188-A5CC-4F23-A406-7E4F08308733}.Debug|x64.ActiveCfg = Debug|iPhoneSimulator
		{B803C188-A5CC-4F23-A406-7E4F08308733}.Debug|x64.Build.0 = Debug|iPhoneSimulator
		{B803C188-A5CC-4F23-A406-7E4F08308733}.Debug|x64.Deploy.0 = Debug|iPhoneSimulator
		{B803C188-A5CC-4F23-A406-7E4F08308733}.Debug|x86.ActiveCfg = Debug|iPhoneSimulator
		{B803C188-A5CC-4F23-A406-7E4F08308733}.Debug|x86.Build.0 = Debug|iPhoneSimulator
		{B803C188-A5CC-4F23-A406-7E4F08308733}.Debug|x86.Deploy.0 = Debug|iPhoneSimulator
		{B803C188-A5CC-4F23-A406-7E4F08308733}.Release|Any CPU.ActiveCfg = Release|iPhoneSimulator
		{B803C188-A5CC-4F23-A406-7E4F08308733}.Release|Any CPU.Build.0 = Release|iPhoneSimulator
		{B803C188-A5CC-4F23-A406-7E4F08308733}.Release|Any CPU.Deploy.0 = Release|iPhoneSimulator
		{B803C188-A5CC-4F23-A406-7E4F08308733}.Release|ARM.ActiveCfg = Release|iPhoneSimulator
		{B803C188-A5CC-4F23-A406-7E4F08308733}.Release|ARM.Build.0 = Release|iPhoneSimulator
		{B803C188-A5CC-4F23-A406-7E4F08308733}.Release|ARM.Deploy.0 = Release|iPhoneSimulator
		{B803C188-A5CC-4F23-A406-7E4F08308733}.Release|iPhone.ActiveCfg = Release|iPhone
		{B803C188-A5CC-4F23-A406-7E4F08308733}.Release|iPhone.Build.0 = Release|iPhone
		{B803C188-A5CC-4F23-A406-7E4F08308733}.Release|iPhone.Deploy.0 = Release|iPhone
		{B803C188-A5CC-4F23-A406-7E4F08308733}.Release|iPhoneSimulator.ActiveCfg = Release|iPhoneSimulator
		{B803C188-A5CC-4F23-A406-7E4F08308733}.Release|iPhoneSimulator.Build.0 = Release|iPhoneSimulator
		{B803C188-A5CC-4F23-A406-7E4F08308733}.Release|iPhoneSimulator.Deploy.0 = Release|iPhoneSimulator
		{B803C188-A5CC-4F23-A406-7E4F08308733}.Release|x64.ActiveCfg = Release|iPhoneSimulator
		{B803C188-A5CC-4F23-A406-7E4F08308733}.Release|x64.Build.0 = Release|iPhoneSimulator
		{B803C188-A5CC-4F23-A406-7E4F08308733}.Release|x64.Deploy.0 = Release|iPhoneSimulator
		{B803C188-A5CC-4F23-A406-7E4F08308733}.Release|x86.ActiveCfg = Release|iPhoneSimulator
		{B803C188-A5CC-4F23-A406-7E4F08308733}.Release|x86.Build.0 = Release|iPhoneSimulator
		{B803C188-A5CC-4F23-A406-7E4F08308733}.Release|x86.Deploy.0 = Release|iPhoneSimulator
		{E24A5847-4599-42B7-BA42-039AAAE077BE}.Debug|Any CPU.ActiveCfg = Debug|Any CPU
		{E24A5847-4599-42B7-BA42-039AAAE077BE}.Debug|Any CPU.Build.0 = Debug|Any CPU
		{E24A5847-4599-42B7-BA42-039AAAE077BE}.Debug|Any CPU.Deploy.0 = Debug|Any CPU
		{E24A5847-4599-42B7-BA42-039AAAE077BE}.Debug|ARM.ActiveCfg = Debug|Any CPU
		{E24A5847-4599-42B7-BA42-039AAAE077BE}.Debug|ARM.Build.0 = Debug|Any CPU
		{E24A5847-4599-42B7-BA42-039AAAE077BE}.Debug|ARM.Deploy.0 = Debug|Any CPU
		{E24A5847-4599-42B7-BA42-039AAAE077BE}.Debug|iPhone.ActiveCfg = Debug|Any CPU
		{E24A5847-4599-42B7-BA42-039AAAE077BE}.Debug|iPhone.Build.0 = Debug|Any CPU
		{E24A5847-4599-42B7-BA42-039AAAE077BE}.Debug|iPhone.Deploy.0 = Debug|Any CPU
		{E24A5847-4599-42B7-BA42-039AAAE077BE}.Debug|iPhoneSimulator.ActiveCfg = Debug|Any CPU
		{E24A5847-4599-42B7-BA42-039AAAE077BE}.Debug|iPhoneSimulator.Build.0 = Debug|Any CPU
		{E24A5847-4599-42B7-BA42-039AAAE077BE}.Debug|iPhoneSimulator.Deploy.0 = Debug|Any CPU
		{E24A5847-4599-42B7-BA42-039AAAE077BE}.Debug|x64.ActiveCfg = Debug|Any CPU
		{E24A5847-4599-42B7-BA42-039AAAE077BE}.Debug|x64.Build.0 = Debug|Any CPU
		{E24A5847-4599-42B7-BA42-039AAAE077BE}.Debug|x64.Deploy.0 = Debug|Any CPU
		{E24A5847-4599-42B7-BA42-039AAAE077BE}.Debug|x86.ActiveCfg = Debug|Any CPU
		{E24A5847-4599-42B7-BA42-039AAAE077BE}.Debug|x86.Build.0 = Debug|Any CPU
		{E24A5847-4599-42B7-BA42-039AAAE077BE}.Debug|x86.Deploy.0 = Debug|Any CPU
		{E24A5847-4599-42B7-BA42-039AAAE077BE}.Release|Any CPU.ActiveCfg = Release|Any CPU
		{E24A5847-4599-42B7-BA42-039AAAE077BE}.Release|Any CPU.Build.0 = Release|Any CPU
		{E24A5847-4599-42B7-BA42-039AAAE077BE}.Release|Any CPU.Deploy.0 = Release|Any CPU
		{E24A5847-4599-42B7-BA42-039AAAE077BE}.Release|ARM.ActiveCfg = Release|Any CPU
		{E24A5847-4599-42B7-BA42-039AAAE077BE}.Release|ARM.Build.0 = Release|Any CPU
		{E24A5847-4599-42B7-BA42-039AAAE077BE}.Release|ARM.Deploy.0 = Release|Any CPU
		{E24A5847-4599-42B7-BA42-039AAAE077BE}.Release|iPhone.ActiveCfg = Release|Any CPU
		{E24A5847-4599-42B7-BA42-039AAAE077BE}.Release|iPhone.Build.0 = Release|Any CPU
		{E24A5847-4599-42B7-BA42-039AAAE077BE}.Release|iPhone.Deploy.0 = Release|Any CPU
		{E24A5847-4599-42B7-BA42-039AAAE077BE}.Release|iPhoneSimulator.ActiveCfg = Release|Any CPU
		{E24A5847-4599-42B7-BA42-039AAAE077BE}.Release|iPhoneSimulator.Build.0 = Release|Any CPU
		{E24A5847-4599-42B7-BA42-039AAAE077BE}.Release|iPhoneSimulator.Deploy.0 = Release|Any CPU
		{E24A5847-4599-42B7-BA42-039AAAE077BE}.Release|x64.ActiveCfg = Release|Any CPU
		{E24A5847-4599-42B7-BA42-039AAAE077BE}.Release|x64.Build.0 = Release|Any CPU
		{E24A5847-4599-42B7-BA42-039AAAE077BE}.Release|x64.Deploy.0 = Release|Any CPU
		{E24A5847-4599-42B7-BA42-039AAAE077BE}.Release|x86.ActiveCfg = Release|Any CPU
		{E24A5847-4599-42B7-BA42-039AAAE077BE}.Release|x86.Build.0 = Release|Any CPU
		{E24A5847-4599-42B7-BA42-039AAAE077BE}.Release|x86.Deploy.0 = Release|Any CPU
	EndGlobalSection
	GlobalSection(SolutionProperties) = preSolution
		HideSolutionNode = FALSE
	EndGlobalSection
	GlobalSection(ExtensibilityGlobals) = postSolution
		SolutionGuid = {850DD63A-6452-4A56-8E9B-F387E3A90785}
	EndGlobalSection
EndGlobal
